
Microsoft Visual Studio Solution File, Format Version 12.00
# Visual Studio Version 17
VisualStudioVersion = 17.7.34031.279
MinimumVisualStudioVersion = 10.0.40219.1
Project("{9A19103F-16F7-4668-BE54-9A1E7A4F7556}") = "HM8_Watermark", "HM8_Watermark\HM8_Watermark.csproj", "{6B137B30-8125-49B5-BB26-C5E06EC0E237}"
EndProject
Project("{9A19103F-16F7-4668-BE54-9A1E7A4F7556}") = "LineDrawer", "LineDrawer\LineDrawer.csproj", "{34BC42FC-3765-4A24-AFA4-0C97D38223A2}"
EndProject
Project("{FAE04EC0-301F-11D3-BF4B-00C04F79EFBC}") = "DrawCircles", "DrawCircles\DrawCircles.csproj", "{429E3E7D-50F5-4F97-AA19-24E0D9989AA0}"
EndProject
Project("{FAE04EC0-301F-11D3-BF4B-00C04F79EFBC}") = "Graph", "Graph\Graph.csproj", "{3FFBA0F4-D447-405F-A507-C836E0D10672}"
EndProject
Global
	GlobalSection(SolutionConfigurationPlatforms) = preSolution
		Debug|Any CPU = Debug|Any CPU
		Release|Any CPU = Release|Any CPU
	EndGlobalSection
	GlobalSection(ProjectConfigurationPlatforms) = postSolution
		{6B137B30-8125-49B5-BB26-C5E06EC0E237}.Debug|Any CPU.ActiveCfg = Debug|Any CPU
		{6B137B30-8125-49B5-BB26-C5E06EC0E237}.Debug|Any CPU.Build.0 = Debug|Any CPU
		{6B137B30-8125-49B5-BB26-C5E06EC0E237}.Release|Any CPU.ActiveCfg = Release|Any CPU
		{6B137B30-8125-49B5-BB26-C5E06EC0E237}.Release|Any CPU.Build.0 = Release|Any CPU
		{34BC42FC-3765-4A24-AFA4-0C97D38223A2}.Debug|Any CPU.ActiveCfg = Debug|Any CPU
		{34BC42FC-3765-4A24-AFA4-0C97D38223A2}.Debug|Any CPU.Build.0 = Debug|Any CPU
		{34BC42FC-3765-4A24-AFA4-0C97D38223A2}.Release|Any CPU.ActiveCfg = Release|Any CPU
		{34BC42FC-3765-4A24-AFA4-0C97D38223A2}.Release|Any CPU.Build.0 = Release|Any CPU
		{429E3E7D-50F5-4F97-AA19-24E0D9989AA0}.Debug|Any CPU.ActiveCfg = Debug|Any CPU
		{429E3E7D-50F5-4F97-AA19-24E0D9989AA0}.Debug|Any CPU.Build.0 = Debug|Any CPU
		{429E3E7D-50F5-4F97-AA19-24E0D9989AA0}.Release|Any CPU.ActiveCfg = Release|Any CPU
		{429E3E7D-50F5-4F97-AA19-24E0D9989AA0}.Release|Any CPU.Build.0 = Release|Any CPU
		{3FFBA0F4-D447-405F-A507-C836E0D10672}.Debug|Any CPU.ActiveCfg = Debug|Any CPU
		{3FFBA0F4-D447-405F-A507-C836E0D10672}.Debug|Any CPU.Build.0 = Debug|Any CPU
		{3FFBA0F4-D447-405F-A507-C836E0D10672}.Release|Any CPU.ActiveCfg = Release|Any CPU
		{3FFBA0F4-D447-405F-A507-C836E0D10672}.Release|Any CPU.Build.0 = Release|Any CPU
	EndGlobalSection
	GlobalSection(SolutionProperties) = preSolution
		HideSolutionNode = FALSE
	EndGlobalSection
	GlobalSection(ExtensibilityGlobals) = postSolution
		SolutionGuid = {F6F8C5F2-F369-47E7-8A7E-961881A1228F}
	EndGlobalSection
EndGlobal
