
Microsoft Visual Studio Solution File, Format Version 12.00
# Visual Studio Version 17
VisualStudioVersion = 17.7.34031.279
MinimumVisualStudioVersion = 10.0.40219.1
Project("{FAE04EC0-301F-11D3-BF4B-00C04F79EFBC}") = "HM8_Watermark", "HM8_Watermark\HM8_Watermark.csproj", "{6B137B30-8125-49B5-BB26-C5E06EC0E237}"
EndProject
Global
	GlobalSection(SolutionConfigurationPlatforms) = preSolution
		Debug|Any CPU = Debug|Any CPU
		Release|Any CPU = Release|Any CPU
	EndGlobalSection
	GlobalSection(ProjectConfigurationPlatforms) = postSolution
		{6B137B30-8125-49B5-BB26-C5E06EC0E237}.Debug|Any CPU.ActiveCfg = Debug|Any CPU
		{6B137B30-8125-49B5-BB26-C5E06EC0E237}.Debug|Any CPU.Build.0 = Debug|Any CPU
		{6B137B30-8125-49B5-BB26-C5E06EC0E237}.Release|Any CPU.ActiveCfg = Release|Any CPU
		{6B137B30-8125-49B5-BB26-C5E06EC0E237}.Release|Any CPU.Build.0 = Release|Any CPU
	EndGlobalSection
	GlobalSection(SolutionProperties) = preSolution
		HideSolutionNode = FALSE
	EndGlobalSection
	GlobalSection(ExtensibilityGlobals) = postSolution
		SolutionGuid = {F6F8C5F2-F369-47E7-8A7E-961881A1228F}
	EndGlobalSection
EndGlobal
